// !$*UTF8*$!
{
	archiveVersion = 1;
	classes = {
	};
	objectVersion = 50;
	objects = {

/* Begin PBXBuildFile section */
		799777B522E746DF00447353 /* AppDelegate.swift in Sources */ = {isa = PBXBuildFile; fileRef = 799777B422E746DF00447353 /* AppDelegate.swift */; };
		799777B722E746DF00447353 /* ViewController.swift in Sources */ = {isa = PBXBuildFile; fileRef = 799777B622E746DF00447353 /* ViewController.swift */; };
		799777BA22E746DF00447353 /* Main.storyboard in Resources */ = {isa = PBXBuildFile; fileRef = 799777B822E746DF00447353 /* Main.storyboard */; };
		799777BC22E746E000447353 /* Assets.xcassets in Resources */ = {isa = PBXBuildFile; fileRef = 799777BB22E746E000447353 /* Assets.xcassets */; };
		799777BF22E746E000447353 /* LaunchScreen.storyboard in Resources */ = {isa = PBXBuildFile; fileRef = 799777BD22E746E000447353 /* LaunchScreen.storyboard */; };
		799777CA22E746E000447353 /* Tab_Bar_CalismasiTests.swift in Sources */ = {isa = PBXBuildFile; fileRef = 799777C922E746E000447353 /* Tab_Bar_CalismasiTests.swift */; };
		799777D522E746E000447353 /* Tab_Bar_CalismasiUITests.swift in Sources */ = {isa = PBXBuildFile; fileRef = 799777D422E746E000447353 /* Tab_Bar_CalismasiUITests.swift */; };
/* End PBXBuildFile section */

/* Begin PBXContainerItemProxy section */
		799777C622E746E000447353 /* PBXContainerItemProxy */ = {
			isa = PBXContainerItemProxy;
			containerPortal = 799777A922E746DF00447353 /* Project object */;
			proxyType = 1;
			remoteGlobalIDString = 799777B022E746DF00447353;
			remoteInfo = "Tab Bar Calismasi";
		};
		799777D122E746E000447353 /* PBXContainerItemProxy */ = {
			isa = PBXContainerItemProxy;
			containerPortal = 799777A922E746DF00447353 /* Project object */;
			proxyType = 1;
			remoteGlobalIDString = 799777B022E746DF00447353;
			remoteInfo = "Tab Bar Calismasi";
		};
/* End PBXContainerItemProxy section */

/* Begin PBXFileReference section */
		799777B122E746DF00447353 /* Tab Bar Calismasi.app */ = {isa = PBXFileReference; explicitFileType = wrapper.application; includeInIndex = 0; path = "Tab Bar Calismasi.app"; sourceTree = BUILT_PRODUCTS_DIR; };
		799777B422E746DF00447353 /* AppDelegate.swift */ = {isa = PBXFileReference; lastKnownFileType = sourcecode.swift; path = AppDelegate.swift; sourceTree = "<group>"; };
		799777B622E746DF00447353 /* ViewController.swift */ = {isa = PBXFileReference; lastKnownFileType = sourcecode.swift; path = ViewController.swift; sourceTree = "<group>"; };
		799777B922E746DF00447353 /* Base */ = {isa = PBXFileReference; lastKnownFileType = file.storyboard; name = Base; path = Base.lproj/Main.storyboard; sourceTree = "<group>"; };
		799777BB22E746E000447353 /* Assets.xcassets */ = {isa = PBXFileReference; lastKnownFileType = folder.assetcatalog; path = Assets.xcassets; sourceTree = "<group>"; };
		799777BE22E746E000447353 /* Base */ = {isa = PBXFileReference; lastKnownFileType = file.storyboard; name = Base; path = Base.lproj/LaunchScreen.storyboard; sourceTree = "<group>"; };
		799777C022E746E000447353 /* Info.plist */ = {isa = PBXFileReference; lastKnownFileType = text.plist.xml; path = Info.plist; sourceTree = "<group>"; };
		799777C522E746E000447353 /* Tab Bar CalismasiTests.xctest */ = {isa = PBXFileReference; explicitFileType = wrapper.cfbundle; includeInIndex = 0; path = "Tab Bar CalismasiTests.xctest"; sourceTree = BUILT_PRODUCTS_DIR; };
		799777C922E746E000447353 /* Tab_Bar_CalismasiTests.swift */ = {isa = PBXFileReference; lastKnownFileType = sourcecode.swift; path = Tab_Bar_CalismasiTests.swift; sourceTree = "<group>"; };
		799777CB22E746E000447353 /* Info.plist */ = {isa = PBXFileReference; lastKnownFileType = text.plist.xml; path = Info.plist; sourceTree = "<group>"; };
		799777D022E746E000447353 /* Tab Bar CalismasiUITests.xctest */ = {isa = PBXFileReference; explicitFileType = wrapper.cfbundle; includeInIndex = 0; path = "Tab Bar CalismasiUITests.xctest"; sourceTree = BUILT_PRODUCTS_DIR; };
		799777D422E746E000447353 /* Tab_Bar_CalismasiUITests.swift */ = {isa = PBXFileReference; lastKnownFileType = sourcecode.swift; path = Tab_Bar_CalismasiUITests.swift; sourceTree = "<group>"; };
		799777D622E746E000447353 /* Info.plist */ = {isa = PBXFileReference; lastKnownFileType = text.plist.xml; path = Info.plist; sourceTree = "<group>"; };
/* End PBXFileReference section */

/* Begin PBXFrameworksBuildPhase section */
		799777AE22E746DF00447353 /* Frameworks */ = {
			isa = PBXFrameworksBuildPhase;
			buildActionMask = 2147483647;
			files = (
			);
			runOnlyForDeploymentPostprocessing = 0;
		};
		799777C222E746E000447353 /* Frameworks */ = {
			isa = PBXFrameworksBuildPhase;
			buildActionMask = 2147483647;
			files = (
			);
			runOnlyForDeploymentPostprocessing = 0;
		};
		799777CD22E746E000447353 /* Frameworks */ = {
			isa = PBXFrameworksBuildPhase;
			buildActionMask = 2147483647;
			files = (
			);
			runOnlyForDeploymentPostprocessing = 0;
		};
/* End PBXFrameworksBuildPhase section */

/* Begin PBXGroup section */
		799777A822E746DF00447353 = {
			isa = PBXGroup;
			children = (
				799777B322E746DF00447353 /* Tab Bar Calismasi */,
				799777C822E746E000447353 /* Tab Bar CalismasiTests */,
				799777D322E746E000447353 /* Tab Bar CalismasiUITests */,
				799777B222E746DF00447353 /* Products */,
			);
			sourceTree = "<group>";
		};
		799777B222E746DF00447353 /* Products */ = {
			isa = PBXGroup;
			children = (
				799777B122E746DF00447353 /* Tab Bar Calismasi.app */,
				799777C522E746E000447353 /* Tab Bar CalismasiTests.xctest */,
				799777D022E746E000447353 /* Tab Bar CalismasiUITests.xctest */,
			);
			name = Products;
			sourceTree = "<group>";
		};
		799777B322E746DF00447353 /* Tab Bar Calismasi */ = {
			isa = PBXGroup;
			children = (
				799777B422E746DF00447353 /* AppDelegate.swift */,
				799777B622E746DF00447353 /* ViewController.swift */,
				799777B822E746DF00447353 /* Main.storyboard */,
				799777BB22E746E000447353 /* Assets.xcassets */,
				799777BD22E746E000447353 /* LaunchScreen.storyboard */,
				799777C022E746E000447353 /* Info.plist */,
			);
			path = "Tab Bar Calismasi";
			sourceTree = "<group>";
		};
		799777C822E746E000447353 /* Tab Bar CalismasiTests */ = {
			isa = PBXGroup;
			children = (
				799777C922E746E000447353 /* Tab_Bar_CalismasiTests.swift */,
				799777CB22E746E000447353 /* Info.plist */,
			);
			path = "Tab Bar CalismasiTests";
			sourceTree = "<group>";
		};
		799777D322E746E000447353 /* Tab Bar CalismasiUITests */ = {
			isa = PBXGroup;
			children = (
				799777D422E746E000447353 /* Tab_Bar_CalismasiUITests.swift */,
				799777D622E746E000447353 /* Info.plist */,
			);
			path = "Tab Bar CalismasiUITests";
			sourceTree = "<group>";
		};
/* End PBXGroup section */

/* Begin PBXNativeTarget section */
		799777B022E746DF00447353 /* Tab Bar Calismasi */ = {
			isa = PBXNativeTarget;
			buildConfigurationList = 799777D922E746E000447353 /* Build configuration list for PBXNativeTarget "Tab Bar Calismasi" */;
			buildPhases = (
				799777AD22E746DF00447353 /* Sources */,
				799777AE22E746DF00447353 /* Frameworks */,
				799777AF22E746DF00447353 /* Resources */,
			);
			buildRules = (
			);
			dependencies = (
			);
			name = "Tab Bar Calismasi";
			productName = "Tab Bar Calismasi";
			productReference = 799777B122E746DF00447353 /* Tab Bar Calismasi.app */;
			productType = "com.apple.product-type.application";
		};
		799777C422E746E000447353 /* Tab Bar CalismasiTests */ = {
			isa = PBXNativeTarget;
			buildConfigurationList = 799777DC22E746E000447353 /* Build configuration list for PBXNativeTarget "Tab Bar CalismasiTests" */;
			buildPhases = (
				799777C122E746E000447353 /* Sources */,
				799777C222E746E000447353 /* Frameworks */,
				799777C322E746E000447353 /* Resources */,
			);
			buildRules = (
			);
			dependencies = (
				799777C722E746E000447353 /* PBXTargetDependency */,
			);
			name = "Tab Bar CalismasiTests";
			productName = "Tab Bar CalismasiTests";
			productReference = 799777C522E746E000447353 /* Tab Bar CalismasiTests.xctest */;
			productType = "com.apple.product-type.bundle.unit-test";
		};
		799777CF22E746E000447353 /* Tab Bar CalismasiUITests */ = {
			isa = PBXNativeTarget;
			buildConfigurationList = 799777DF22E746E000447353 /* Build configuration list for PBXNativeTarget "Tab Bar CalismasiUITests" */;
			buildPhases = (
				799777CC22E746E000447353 /* Sources */,
				799777CD22E746E000447353 /* Frameworks */,
				799777CE22E746E000447353 /* Resources */,
			);
			buildRules = (
			);
			dependencies = (
				799777D222E746E000447353 /* PBXTargetDependency */,
			);
			name = "Tab Bar CalismasiUITests";
			productName = "Tab Bar CalismasiUITests";
			productReference = 799777D022E746E000447353 /* Tab Bar CalismasiUITests.xctest */;
			productType = "com.apple.product-type.bundle.ui-testing";
		};
/* End PBXNativeTarget section */

/* Begin PBXProject section */
		799777A922E746DF00447353 /* Project object */ = {
			isa = PBXProject;
			attributes = {
				LastSwiftUpdateCheck = 1020;
				LastUpgradeCheck = 1020;
				ORGANIZATIONNAME = info;
				TargetAttributes = {
					799777B022E746DF00447353 = {
						CreatedOnToolsVersion = 10.2.1;
					};
					799777C422E746E000447353 = {
						CreatedOnToolsVersion = 10.2.1;
						TestTargetID = 799777B022E746DF00447353;
					};
					799777CF22E746E000447353 = {
						CreatedOnToolsVersion = 10.2.1;
						TestTargetID = 799777B022E746DF00447353;
					};
				};
			};
			buildConfigurationList = 799777AC22E746DF00447353 /* Build configuration list for PBXProject "Tab Bar Calismasi" */;
			compatibilityVersion = "Xcode 9.3";
			developmentRegion = en;
			hasScannedForEncodings = 0;
			knownRegions = (
				en,
				Base,
			);
			mainGroup = 799777A822E746DF00447353;
			productRefGroup = 799777B222E746DF00447353 /* Products */;
			projectDirPath = "";
			projectRoot = "";
			targets = (
				799777B022E746DF00447353 /* Tab Bar Calismasi */,
				799777C422E746E000447353 /* Tab Bar CalismasiTests */,
				799777CF22E746E000447353 /* Tab Bar CalismasiUITests */,
			);
		};
/* End PBXProject section */

/* Begin PBXResourcesBuildPhase section */
		799777AF22E746DF00447353 /* Resources */ = {
			isa = PBXResourcesBuildPhase;
			buildActionMask = 2147483647;
			files = (
				799777BF22E746E000447353 /* LaunchScreen.storyboard in Resources */,
				799777BC22E746E000447353 /* Assets.xcassets in Resources */,
				799777BA22E746DF00447353 /* Main.storyboard in Resources */,
			);
			runOnlyForDeploymentPostprocessing = 0;
		};
		799777C322E746E000447353 /* Resources */ = {
			isa = PBXResourcesBuildPhase;
			buildActionMask = 2147483647;
			files = (
			);
			runOnlyForDeploymentPostprocessing = 0;
		};
		799777CE22E746E000447353 /* Resources */ = {
			isa = PBXResourcesBuildPhase;
			buildActionMask = 2147483647;
			files = (
			);
			runOnlyForDeploymentPostprocessing = 0;
		};
/* End PBXResourcesBuildPhase section */

/* Begin PBXSourcesBuildPhase section */
		799777AD22E746DF00447353 /* Sources */ = {
			isa = PBXSourcesBuildPhase;
			buildActionMask = 2147483647;
			files = (
				799777B722E746DF00447353 /* ViewController.swift in Sources */,
				799777B522E746DF00447353 /* AppDelegate.swift in Sources */,
			);
			runOnlyForDeploymentPostprocessing = 0;
		};
		799777C122E746E000447353 /* Sources */ = {
			isa = PBXSourcesBuildPhase;
			buildActionMask = 2147483647;
			files = (
				799777CA22E746E000447353 /* Tab_Bar_CalismasiTests.swift in Sources */,
			);
			runOnlyForDeploymentPostprocessing = 0;
		};
		799777CC22E746E000447353 /* Sources */ = {
			isa = PBXSourcesBuildPhase;
			buildActionMask = 2147483647;
			files = (
				799777D522E746E000447353 /* Tab_Bar_CalismasiUITests.swift in Sources */,
			);
			runOnlyForDeploymentPostprocessing = 0;
		};
/* End PBXSourcesBuildPhase section */

/* Begin PBXTargetDependency section */
		799777C722E746E000447353 /* PBXTargetDependency */ = {
			isa = PBXTargetDependency;
			target = 799777B022E746DF00447353 /* Tab Bar Calismasi */;
			targetProxy = 799777C622E746E000447353 /* PBXContainerItemProxy */;
		};
		799777D222E746E000447353 /* PBXTargetDependency */ = {
			isa = PBXTargetDependency;
			target = 799777B022E746DF00447353 /* Tab Bar Calismasi */;
			targetProxy = 799777D122E746E000447353 /* PBXContainerItemProxy */;
		};
/* End PBXTargetDependency section */

/* Begin PBXVariantGroup section */
		799777B822E746DF00447353 /* Main.storyboard */ = {
			isa = PBXVariantGroup;
			children = (
				799777B922E746DF00447353 /* Base */,
			);
			name = Main.storyboard;
			sourceTree = "<group>";
		};
		799777BD22E746E000447353 /* LaunchScreen.storyboard */ = {
			isa = PBXVariantGroup;
			children = (
				799777BE22E746E000447353 /* Base */,
			);
			name = LaunchScreen.storyboard;
			sourceTree = "<group>";
		};
/* End PBXVariantGroup section */

/* Begin XCBuildConfiguration section */
		799777D722E746E000447353 /* Debug */ = {
			isa = XCBuildConfiguration;
			buildSettings = {
				ALWAYS_SEARCH_USER_PATHS = NO;
				CLANG_ANALYZER_NONNULL = YES;
				CLANG_ANALYZER_NUMBER_OBJECT_CONVERSION = YES_AGGRESSIVE;
				CLANG_CXX_LANGUAGE_STANDARD = "gnu++14";
				CLANG_CXX_LIBRARY = "libc++";
				CLANG_ENABLE_MODULES = YES;
				CLANG_ENABLE_OBJC_ARC = YES;
				CLANG_ENABLE_OBJC_WEAK = YES;
				CLANG_WARN_BLOCK_CAPTURE_AUTORELEASING = YES;
				CLANG_WARN_BOOL_CONVERSION = YES;
				CLANG_WARN_COMMA = YES;
				CLANG_WARN_CONSTANT_CONVERSION = YES;
				CLANG_WARN_DEPRECATED_OBJC_IMPLEMENTATIONS = YES;
				CLANG_WARN_DIRECT_OBJC_ISA_USAGE = YES_ERROR;
				CLANG_WARN_DOCUMENTATION_COMMENTS = YES;
				CLANG_WARN_EMPTY_BODY = YES;
				CLANG_WARN_ENUM_CONVERSION = YES;
				CLANG_WARN_INFINITE_RECURSION = YES;
				CLANG_WARN_INT_CONVERSION = YES;
				CLANG_WARN_NON_LITERAL_NULL_CONVERSION = YES;
				CLANG_WARN_OBJC_IMPLICIT_RETAIN_SELF = YES;
				CLANG_WARN_OBJC_LITERAL_CONVERSION = YES;
				CLANG_WARN_OBJC_ROOT_CLASS = YES_ERROR;
				CLANG_WARN_RANGE_LOOP_ANALYSIS = YES;
				CLANG_WARN_STRICT_PROTOTYPES = YES;
				CLANG_WARN_SUSPICIOUS_MOVE = YES;
				CLANG_WARN_UNGUARDED_AVAILABILITY = YES_AGGRESSIVE;
				CLANG_WARN_UNREACHABLE_CODE = YES;
				CLANG_WARN__DUPLICATE_METHOD_MATCH = YES;
				CODE_SIGN_IDENTITY = "iPhone Developer";
				COPY_PHASE_STRIP = NO;
				DEBUG_INFORMATION_FORMAT = dwarf;
				ENABLE_STRICT_OBJC_MSGSEND = YES;
				ENABLE_TESTABILITY = YES;
				GCC_C_LANGUAGE_STANDARD = gnu11;
				GCC_DYNAMIC_NO_PIC = NO;
				GCC_NO_COMMON_BLOCKS = YES;
				GCC_OPTIMIZATION_LEVEL = 0;
				GCC_PREPROCESSOR_DEFINITIONS = (
					"DEBUG=1",
					"$(inherited)",
				);
				GCC_WARN_64_TO_32_BIT_CONVERSION = YES;
				GCC_WARN_ABOUT_RETURN_TYPE = YES_ERROR;
				GCC_WARN_UNDECLARED_SELECTOR = YES;
				GCC_WARN_UNINITIALIZED_AUTOS = YES_AGGRESSIVE;
				GCC_WARN_UNUSED_FUNCTION = YES;
				GCC_WARN_UNUSED_VARIABLE = YES;
				IPHONEOS_DEPLOYMENT_TARGET = 12.2;
				MTL_ENABLE_DEBUG_INFO = INCLUDE_SOURCE;
				MTL_FAST_MATH = YES;
				ONLY_ACTIVE_ARCH = YES;
				SDKROOT = iphoneos;
				SWIFT_ACTIVE_COMPILATION_CONDITIONS = DEBUG;
				SWIFT_OPTIMIZATION_LEVEL = "-Onone";
			};
			name = Debug;
		};
		799777D822E746E000447353 /* Release */ = {
			isa = XCBuildConfiguration;
			buildSettings = {
				ALWAYS_SEARCH_USER_PATHS = NO;
				CLANG_ANALYZER_NONNULL = YES;
				CLANG_ANALYZER_NUMBER_OBJECT_CONVERSION = YES_AGGRESSIVE;
				CLANG_CXX_LANGUAGE_STANDARD = "gnu++14";
				CLANG_CXX_LIBRARY = "libc++";
				CLANG_ENABLE_MODULES = YES;
				CLANG_ENABLE_OBJC_ARC = YES;
				CLANG_ENABLE_OBJC_WEAK = YES;
				CLANG_WARN_BLOCK_CAPTURE_AUTORELEASING = YES;
				CLANG_WARN_BOOL_CONVERSION = YES;
				CLANG_WARN_COMMA = YES;
				CLANG_WARN_CONSTANT_CONVERSION = YES;
				CLANG_WARN_DEPRECATED_OBJC_IMPLEMENTATIONS = YES;
				CLANG_WARN_DIRECT_OBJC_ISA_USAGE = YES_ERROR;
				CLANG_WARN_DOCUMENTATION_COMMENTS = YES;
				CLANG_WARN_EMPTY_BODY = YES;
				CLANG_WARN_ENUM_CONVERSION = YES;
				CLANG_WARN_INFINITE_RECURSION = YES;
				CLANG_WARN_INT_CONVERSION = YES;
				CLANG_WARN_NON_LITERAL_NULL_CONVERSION = YES;
				CLANG_WARN_OBJC_IMPLICIT_RETAIN_SELF = YES;
				CLANG_WARN_OBJC_LITERAL_CONVERSION = YES;
				CLANG_WARN_OBJC_ROOT_CLASS = YES_ERROR;
				CLANG_WARN_RANGE_LOOP_ANALYSIS = YES;
				CLANG_WARN_STRICT_PROTOTYPES = YES;
				CLANG_WARN_SUSPICIOUS_MOVE = YES;
				CLANG_WARN_UNGUARDED_AVAILABILITY = YES_AGGRESSIVE;
				CLANG_WARN_UNREACHABLE_CODE = YES;
				CLANG_WARN__DUPLICATE_METHOD_MATCH = YES;
				CODE_SIGN_IDENTITY = "iPhone Developer";
				COPY_PHASE_STRIP = NO;
				DEBUG_INFORMATION_FORMAT = "dwarf-with-dsym";
				ENABLE_NS_ASSERTIONS = NO;
				ENABLE_STRICT_OBJC_MSGSEND = YES;
				GCC_C_LANGUAGE_STANDARD = gnu11;
				GCC_NO_COMMON_BLOCKS = YES;
				GCC_WARN_64_TO_32_BIT_CONVERSION = YES;
				GCC_WARN_ABOUT_RETURN_TYPE = YES_ERROR;
				GCC_WARN_UNDECLARED_SELECTOR = YES;
				GCC_WARN_UNINITIALIZED_AUTOS = YES_AGGRESSIVE;
				GCC_WARN_UNUSED_FUNCTION = YES;
				GCC_WARN_UNUSED_VARIABLE = YES;
				IPHONEOS_DEPLOYMENT_TARGET = 12.2;
				MTL_ENABLE_DEBUG_INFO = NO;
				MTL_FAST_MATH = YES;
				SDKROOT = iphoneos;
				SWIFT_COMPILATION_MODE = wholemodule;
				SWIFT_OPTIMIZATION_LEVEL = "-O";
				VALIDATE_PRODUCT = YES;
			};
			name = Release;
		};
		799777DA22E746E000447353 /* Debug */ = {
			isa = XCBuildConfiguration;
			buildSettings = {
				ASSETCATALOG_COMPILER_APPICON_NAME = AppIcon;
				CODE_SIGN_STYLE = Automatic;
				INFOPLIST_FILE = "Tab Bar Calismasi/Info.plist";
				LD_RUNPATH_SEARCH_PATHS = (
					"$(inherited)",
					"@executable_path/Frameworks",
				);
				PRODUCT_BUNDLE_IDENTIFIER = "info.Tab-Bar-Calismasi";
				PRODUCT_NAME = "$(TARGET_NAME)";
				SWIFT_VERSION = 5.0;
				TARGETED_DEVICE_FAMILY = "1,2";
			};
			name = Debug;
		};
		799777DB22E746E000447353 /* Release */ = {
			isa = XCBuildConfiguration;
			buildSettings = {
				ASSETCATALOG_COMPILER_APPICON_NAME = AppIcon;
				CODE_SIGN_STYLE = Automatic;
				INFOPLIST_FILE = "Tab Bar Calismasi/Info.plist";
				LD_RUNPATH_SEARCH_PATHS = (
					"$(inherited)",
					"@executable_path/Frameworks",
				);
				PRODUCT_BUNDLE_IDENTIFIER = "info.Tab-Bar-Calismasi";
				PRODUCT_NAME = "$(TARGET_NAME)";
				SWIFT_VERSION = 5.0;
				TARGETED_DEVICE_FAMILY = "1,2";
			};
			name = Release;
		};
		799777DD22E746E000447353 /* Debug */ = {
			isa = XCBuildConfiguration;
			buildSettings = {
				ALWAYS_EMBED_SWIFT_STANDARD_LIBRARIES = YES;
				BUNDLE_LOADER = "$(TEST_HOST)";
				CODE_SIGN_STYLE = Automatic;
				INFOPLIST_FILE = "Tab Bar CalismasiTests/Info.plist";
				LD_RUNPATH_SEARCH_PATHS = (
					"$(inherited)",
					"@executable_path/Frameworks",
					"@loader_path/Frameworks",
				);
				PRODUCT_BUNDLE_IDENTIFIER = "info.Tab-Bar-CalismasiTests";
				PRODUCT_NAME = "$(TARGET_NAME)";
				SWIFT_VERSION = 5.0;
				TARGETED_DEVICE_FAMILY = "1,2";
				TEST_HOST = "$(BUILT_PRODUCTS_DIR)/Tab Bar Calismasi.app/Tab Bar Calismasi";
			};
			name = Debug;
		};
		799777DE22E746E000447353 /* Release */ = {
			isa = XCBuildConfiguration;
			buildSettings = {
				ALWAYS_EMBED_SWIFT_STANDARD_LIBRARIES = YES;
				BUNDLE_LOADER = "$(TEST_HOST)";
				CODE_SIGN_STYLE = Automatic;
				INFOPLIST_FILE = "Tab Bar CalismasiTests/Info.plist";
				LD_RUNPATH_SEARCH_PATHS = (
					"$(inherited)",
					"@executable_path/Frameworks",
					"@loader_path/Frameworks",
				);
				PRODUCT_BUNDLE_IDENTIFIER = "info.Tab-Bar-CalismasiTests";
				PRODUCT_NAME = "$(TARGET_NAME)";
				SWIFT_VERSION = 5.0;
				TARGETED_DEVICE_FAMILY = "1,2";
				TEST_HOST = "$(BUILT_PRODUCTS_DIR)/Tab Bar Calismasi.app/Tab Bar Calismasi";
			};
			name = Release;
		};
		799777E022E746E000447353 /* Debug */ = {
			isa = XCBuildConfiguration;
			buildSettings = {
				ALWAYS_EMBED_SWIFT_STANDARD_LIBRARIES = YES;
				CODE_SIGN_STYLE = Automatic;
				INFOPLIST_FILE = "Tab Bar CalismasiUITests/Info.plist";
				LD_RUNPATH_SEARCH_PATHS = (
					"$(inherited)",
					"@executable_path/Frameworks",
					"@loader_path/Frameworks",
				);
				PRODUCT_BUNDLE_IDENTIFIER = "info.Tab-Bar-CalismasiUITests";
				PRODUCT_NAME = "$(TARGET_NAME)";
				SWIFT_VERSION = 5.0;
				TARGETED_DEVICE_FAMILY = "1,2";
				TEST_TARGET_NAME = "Tab Bar Calismasi";
			};
			name = Debug;
		};
		799777E122E746E000447353 /* Release */ = {
			isa = XCBuildConfiguration;
			buildSettings = {
				ALWAYS_EMBED_SWIFT_STANDARD_LIBRARIES = YES;
				CODE_SIGN_STYLE = Automatic;
				INFOPLIST_FILE = "Tab Bar CalismasiUITests/Info.plist";
				LD_RUNPATH_SEARCH_PATHS = (
					"$(inherited)",
					"@executable_path/Frameworks",
					"@loader_path/Frameworks",
				);
				PRODUCT_BUNDLE_IDENTIFIER = "info.Tab-Bar-CalismasiUITests";
				PRODUCT_NAME = "$(TARGET_NAME)";
				SWIFT_VERSION = 5.0;
				TARGETED_DEVICE_FAMILY = "1,2";
				TEST_TARGET_NAME = "Tab Bar Calismasi";
			};
			name = Release;
		};
/* End XCBuildConfiguration section */

/* Begin XCConfigurationList section */
		799777AC22E746DF00447353 /* Build configuration list for PBXProject "Tab Bar Calismasi" */ = {
			isa = XCConfigurationList;
			buildConfigurations = (
				799777D722E746E000447353 /* Debug */,
				799777D822E746E000447353 /* Release */,
			);
			defaultConfigurationIsVisible = 0;
			defaultConfigurationName = Release;
		};
		799777D922E746E000447353 /* Build configuration list for PBXNativeTarget "Tab Bar Calismasi" */ = {
			isa = XCConfigurationList;
			buildConfigurations = (
				799777DA22E746E000447353 /* Debug */,
				799777DB22E746E000447353 /* Release */,
			);
			defaultConfigurationIsVisible = 0;
			defaultConfigurationName = Release;
		};
		799777DC22E746E000447353 /* Build configuration list for PBXNativeTarget "Tab Bar CalismasiTests" */ = {
			isa = XCConfigurationList;
			buildConfigurations = (
				799777DD22E746E000447353 /* Debug */,
				799777DE22E746E000447353 /* Release */,
			);
			defaultConfigurationIsVisible = 0;
			defaultConfigurationName = Release;
		};
		799777DF22E746E000447353 /* Build configuration list for PBXNativeTarget "Tab Bar CalismasiUITests" */ = {
			isa = XCConfigurationList;
			buildConfigurations = (
				799777E022E746E000447353 /* Debug */,
				799777E122E746E000447353 /* Release */,
			);
			defaultConfigurationIsVisible = 0;
			defaultConfigurationName = Release;
		};
/* End XCConfigurationList section */
	};
	rootObject = 799777A922E746DF00447353 /* Project object */;
}
